
Microsoft Visual Studio Solution File, Format Version 12.00
# Visual Studio 15
VisualStudioVersion = 15.0.28307.136
MinimumVisualStudioVersion = 10.0.40219.1
Project("{2150E333-8FDC-42A3-9474-1A3956D46DE8}") = "src", "src", "{63AAB987-6084-45EE-B6EE-51C2946BAB9B}"
EndProject
Project("{9A19103F-16F7-4668-BE54-9A1E7A4F7556}") = "GranDen.GameLib.Randomizer", "src\GranDen.GameLib.Randomizer\GranDen.GameLib.Randomizer.csproj", "{010BEF8A-F484-4A35-B84E-1B533CEF6908}"
EndProject
Project("{2150E333-8FDC-42A3-9474-1A3956D46DE8}") = "test", "test", "{2BF0007C-3830-4DB6-8A68-E4A222614C44}"
EndProject
Project("{FAE04EC0-301F-11D3-BF4B-00C04F79EFBC}") = "GranDen.GameLib.Randomizer.Test", "test\GranDen.GameLib.Randomizer.Test\GranDen.GameLib.Randomizer.Test.csproj", "{A297D5C8-4CCB-409D-B325-65784CB7ADD4}"
EndProject
Global
	GlobalSection(SolutionConfigurationPlatforms) = preSolution
		Debug|Any CPU = Debug|Any CPU
		Release|Any CPU = Release|Any CPU
	EndGlobalSection
	GlobalSection(ProjectConfigurationPlatforms) = postSolution
		{010BEF8A-F484-4A35-B84E-1B533CEF6908}.Debug|Any CPU.ActiveCfg = Debug|Any CPU
		{010BEF8A-F484-4A35-B84E-1B533CEF6908}.Debug|Any CPU.Build.0 = Debug|Any CPU
		{010BEF8A-F484-4A35-B84E-1B533CEF6908}.Release|Any CPU.ActiveCfg = Release|Any CPU
		{010BEF8A-F484-4A35-B84E-1B533CEF6908}.Release|Any CPU.Build.0 = Release|Any CPU
		{A297D5C8-4CCB-409D-B325-65784CB7ADD4}.Debug|Any CPU.ActiveCfg = Debug|Any CPU
		{A297D5C8-4CCB-409D-B325-65784CB7ADD4}.Debug|Any CPU.Build.0 = Debug|Any CPU
		{A297D5C8-4CCB-409D-B325-65784CB7ADD4}.Release|Any CPU.ActiveCfg = Release|Any CPU
		{A297D5C8-4CCB-409D-B325-65784CB7ADD4}.Release|Any CPU.Build.0 = Release|Any CPU
	EndGlobalSection
	GlobalSection(SolutionProperties) = preSolution
		HideSolutionNode = FALSE
	EndGlobalSection
	GlobalSection(NestedProjects) = preSolution
		{010BEF8A-F484-4A35-B84E-1B533CEF6908} = {63AAB987-6084-45EE-B6EE-51C2946BAB9B}
		{A297D5C8-4CCB-409D-B325-65784CB7ADD4} = {2BF0007C-3830-4DB6-8A68-E4A222614C44}
	EndGlobalSection
	GlobalSection(ExtensibilityGlobals) = postSolution
		SolutionGuid = {D42BF830-188E-40F6-9F55-425572430270}
	EndGlobalSection
EndGlobal
