
Microsoft Visual Studio Solution File, Format Version 12.00
# Visual Studio 15
VisualStudioVersion = 15.0.28307.136
MinimumVisualStudioVersion = 10.0.40219.1
Project("{FAE04EC0-301F-11D3-BF4B-00C04F79EFBC}") = "RandomLib", "RandomLib\RandomLib.csproj", "{191ABE5D-5394-4D37-A4D7-4355F423C163}"
EndProject
Global
	GlobalSection(SolutionConfigurationPlatforms) = preSolution
		Debug|Any CPU = Debug|Any CPU
		Release|Any CPU = Release|Any CPU
	EndGlobalSection
	GlobalSection(ProjectConfigurationPlatforms) = postSolution
		{191ABE5D-5394-4D37-A4D7-4355F423C163}.Debug|Any CPU.ActiveCfg = Debug|Any CPU
		{191ABE5D-5394-4D37-A4D7-4355F423C163}.Debug|Any CPU.Build.0 = Debug|Any CPU
		{191ABE5D-5394-4D37-A4D7-4355F423C163}.Release|Any CPU.ActiveCfg = Release|Any CPU
		{191ABE5D-5394-4D37-A4D7-4355F423C163}.Release|Any CPU.Build.0 = Release|Any CPU
	EndGlobalSection
	GlobalSection(SolutionProperties) = preSolution
		HideSolutionNode = FALSE
	EndGlobalSection
	GlobalSection(ExtensibilityGlobals) = postSolution
		SolutionGuid = {D42BF830-188E-40F6-9F55-425572430270}
	EndGlobalSection
EndGlobal
